<Solution>
  <Configurations>
    <BuildType Name="Debug" />
    <BuildType Name="Local" />
    <BuildType Name="Release" />
  </Configurations>
  <Properties Name="Visual Studio">
    <Property Name="OpenWith" Value="Visual Studio Version 17" />
  </Properties>
  <Project Path="Maple.Bloomtown\Maple.Bloomtown.csproj" />
</Solution>